
Microsoft Visual Studio Solution File, Format Version 12.00
# Visual Studio Version 17
VisualStudioVersion = 17.14.36414.22 d17.14
MinimumVisualStudioVersion = 10.0.40219.1
Project("{FAE04EC0-301F-11D3-BF4B-00C04F79EFBC}") = "Oop-Github", "Oop-Github.csproj", "{948F7B13-6B6B-4760-88C4-2EDB2430ACB5}"
EndProject
Global
	GlobalSection(SolutionConfigurationPlatforms) = preSolution
		Debug|Any CPU = Debug|Any CPU
		Release|Any CPU = Release|Any CPU
	EndGlobalSection
	GlobalSection(ProjectConfigurationPlatforms) = postSolution
		{948F7B13-6B6B-4760-88C4-2EDB2430ACB5}.Debug|Any CPU.ActiveCfg = Debug|Any CPU
		{948F7B13-6B6B-4760-88C4-2EDB2430ACB5}.Debug|Any CPU.Build.0 = Debug|Any CPU
		{948F7B13-6B6B-4760-88C4-2EDB2430ACB5}.Release|Any CPU.ActiveCfg = Release|Any CPU
		{948F7B13-6B6B-4760-88C4-2EDB2430ACB5}.Release|Any CPU.Build.0 = Release|Any CPU
	EndGlobalSection
	GlobalSection(SolutionProperties) = preSolution
		HideSolutionNode = FALSE
	EndGlobalSection
	GlobalSection(ExtensibilityGlobals) = postSolution
		SolutionGuid = {A86B293D-E02A-45DD-8C38-CF0E1DBCF44A}
	EndGlobalSection
EndGlobal
